// !$*UTF8*$!
{
	archiveVersion = 1;
	classes = {
	};
	objectVersion = 55;
	objects = {

/* Begin PBXBuildFile section */
		EA440B26289389FC00E0FE9F /* RolldicesApp.swift in Sources */ = {isa = PBXBuildFile; fileRef = EA440B25289389FC00E0FE9F /* RolldicesApp.swift */; };
		EA440B28289389FC00E0FE9F /* ContentView.swift in Sources */ = {isa = PBXBuildFile; fileRef = EA440B27289389FC00E0FE9F /* ContentView.swift */; };
		EA440B2A289389FE00E0FE9F /* Assets.xcassets in Resources */ = {isa = PBXBuildFile; fileRef = EA440B29289389FE00E0FE9F /* Assets.xcassets */; };
		EA440B2D289389FE00E0FE9F /* Preview Assets.xcassets in Resources */ = {isa = PBXBuildFile; fileRef = EA440B2C289389FE00E0FE9F /* Preview Assets.xcassets */; };
		EA440B352894A57600E0FE9F /* Rolldices.xcdatamodeld in Sources */ = {isa = PBXBuildFile; fileRef = EA440B332894A57500E0FE9F /* Rolldices.xcdatamodeld */; };
		EA440B382894A5BA00E0FE9F /* Dice+CoreDataClass.swift in Sources */ = {isa = PBXBuildFile; fileRef = EA440B362894A5BA00E0FE9F /* Dice+CoreDataClass.swift */; };
		EA440B392894A5BA00E0FE9F /* Dice+CoreDataProperties.swift in Sources */ = {isa = PBXBuildFile; fileRef = EA440B372894A5BA00E0FE9F /* Dice+CoreDataProperties.swift */; };
		EA440B3B2894A5D000E0FE9F /* DataController.swift in Sources */ = {isa = PBXBuildFile; fileRef = EA440B3A2894A5D000E0FE9F /* DataController.swift */; };
/* End PBXBuildFile section */

/* Begin PBXFileReference section */
		EA440B22289389FC00E0FE9F /* Rolldices.app */ = {isa = PBXFileReference; explicitFileType = wrapper.application; includeInIndex = 0; path = Rolldices.app; sourceTree = BUILT_PRODUCTS_DIR; };
		EA440B25289389FC00E0FE9F /* RolldicesApp.swift */ = {isa = PBXFileReference; lastKnownFileType = sourcecode.swift; path = RolldicesApp.swift; sourceTree = "<group>"; };
		EA440B27289389FC00E0FE9F /* ContentView.swift */ = {isa = PBXFileReference; lastKnownFileType = sourcecode.swift; path = ContentView.swift; sourceTree = "<group>"; };
		EA440B29289389FE00E0FE9F /* Assets.xcassets */ = {isa = PBXFileReference; lastKnownFileType = folder.assetcatalog; path = Assets.xcassets; sourceTree = "<group>"; };
		EA440B2C289389FE00E0FE9F /* Preview Assets.xcassets */ = {isa = PBXFileReference; lastKnownFileType = folder.assetcatalog; path = "Preview Assets.xcassets"; sourceTree = "<group>"; };
		EA440B342894A57500E0FE9F /* Rolldices.xcdatamodel */ = {isa = PBXFileReference; lastKnownFileType = wrapper.xcdatamodel; path = Rolldices.xcdatamodel; sourceTree = "<group>"; };
		EA440B362894A5BA00E0FE9F /* Dice+CoreDataClass.swift */ = {isa = PBXFileReference; lastKnownFileType = sourcecode.swift; path = "Dice+CoreDataClass.swift"; sourceTree = SOURCE_ROOT; };
		EA440B372894A5BA00E0FE9F /* Dice+CoreDataProperties.swift */ = {isa = PBXFileReference; lastKnownFileType = sourcecode.swift; path = "Dice+CoreDataProperties.swift"; sourceTree = SOURCE_ROOT; };
		EA440B3A2894A5D000E0FE9F /* DataController.swift */ = {isa = PBXFileReference; lastKnownFileType = sourcecode.swift; path = DataController.swift; sourceTree = "<group>"; };
/* End PBXFileReference section */

/* Begin PBXFrameworksBuildPhase section */
		EA440B1F289389FC00E0FE9F /* Frameworks */ = {
			isa = PBXFrameworksBuildPhase;
			buildActionMask = 2147483647;
			files = (
			);
			runOnlyForDeploymentPostprocessing = 0;
		};
/* End PBXFrameworksBuildPhase section */

/* Begin PBXGroup section */
		EA440B19289389FC00E0FE9F = {
			isa = PBXGroup;
			children = (
				EA440B24289389FC00E0FE9F /* Rolldices */,
				EA440B23289389FC00E0FE9F /* Products */,
			);
			sourceTree = "<group>";
		};
		EA440B23289389FC00E0FE9F /* Products */ = {
			isa = PBXGroup;
			children = (
				EA440B22289389FC00E0FE9F /* Rolldices.app */,
			);
			name = Products;
			sourceTree = "<group>";
		};
		EA440B24289389FC00E0FE9F /* Rolldices */ = {
			isa = PBXGroup;
			children = (
				EA440B362894A5BA00E0FE9F /* Dice+CoreDataClass.swift */,
				EA440B372894A5BA00E0FE9F /* Dice+CoreDataProperties.swift */,
				EA440B25289389FC00E0FE9F /* RolldicesApp.swift */,
				EA440B27289389FC00E0FE9F /* ContentView.swift */,
				EA440B3A2894A5D000E0FE9F /* DataController.swift */,
				EA440B332894A57500E0FE9F /* Rolldices.xcdatamodeld */,
				EA440B29289389FE00E0FE9F /* Assets.xcassets */,
				EA440B2B289389FE00E0FE9F /* Preview Content */,
			);
			path = Rolldices;
			sourceTree = "<group>";
		};
		EA440B2B289389FE00E0FE9F /* Preview Content */ = {
			isa = PBXGroup;
			children = (
				EA440B2C289389FE00E0FE9F /* Preview Assets.xcassets */,
			);
			path = "Preview Content";
			sourceTree = "<group>";
		};
/* End PBXGroup section */

/* Begin PBXNativeTarget section */
		EA440B21289389FC00E0FE9F /* Rolldices */ = {
			isa = PBXNativeTarget;
			buildConfigurationList = EA440B30289389FE00E0FE9F /* Build configuration list for PBXNativeTarget "Rolldices" */;
			buildPhases = (
				EA440B1E289389FC00E0FE9F /* Sources */,
				EA440B1F289389FC00E0FE9F /* Frameworks */,
				EA440B20289389FC00E0FE9F /* Resources */,
			);
			buildRules = (
			);
			dependencies = (
			);
			name = Rolldices;
			productName = Rolldices;
			productReference = EA440B22289389FC00E0FE9F /* Rolldices.app */;
			productType = "com.apple.product-type.application";
		};
/* End PBXNativeTarget section */

/* Begin PBXProject section */
		EA440B1A289389FC00E0FE9F /* Project object */ = {
			isa = PBXProject;
			attributes = {
				BuildIndependentTargetsInParallel = 1;
				LastSwiftUpdateCheck = 1340;
				LastUpgradeCheck = 1340;
				TargetAttributes = {
					EA440B21289389FC00E0FE9F = {
						CreatedOnToolsVersion = 13.4.1;
					};
				};
			};
			buildConfigurationList = EA440B1D289389FC00E0FE9F /* Build configuration list for PBXProject "Rolldices" */;
			compatibilityVersion = "Xcode 13.0";
			developmentRegion = en;
			hasScannedForEncodings = 0;
			knownRegions = (
				en,
				Base,
			);
			mainGroup = EA440B19289389FC00E0FE9F;
			productRefGroup = EA440B23289389FC00E0FE9F /* Products */;
			projectDirPath = "";
			projectRoot = "";
			targets = (
				EA440B21289389FC00E0FE9F /* Rolldices */,
			);
		};
/* End PBXProject section */

/* Begin PBXResourcesBuildPhase section */
		EA440B20289389FC00E0FE9F /* Resources */ = {
			isa = PBXResourcesBuildPhase;
			buildActionMask = 2147483647;
			files = (
				EA440B2D289389FE00E0FE9F /* Preview Assets.xcassets in Resources */,
				EA440B2A289389FE00E0FE9F /* Assets.xcassets in Resources */,
			);
			runOnlyForDeploymentPostprocessing = 0;
		};
/* End PBXResourcesBuildPhase section */

/* Begin PBXSourcesBuildPhase section */
		EA440B1E289389FC00E0FE9F /* Sources */ = {
			isa = PBXSourcesBuildPhase;
			buildActionMask = 2147483647;
			files = (
				EA440B382894A5BA00E0FE9F /* Dice+CoreDataClass.swift in Sources */,
				EA440B3B2894A5D000E0FE9F /* DataController.swift in Sources */,
				EA440B392894A5BA00E0FE9F /* Dice+CoreDataProperties.swift in Sources */,
				EA440B352894A57600E0FE9F /* Rolldices.xcdatamodeld in Sources */,
				EA440B28289389FC00E0FE9F /* ContentView.swift in Sources */,
				EA440B26289389FC00E0FE9F /* RolldicesApp.swift in Sources */,
			);
			runOnlyForDeploymentPostprocessing = 0;
		};
/* End PBXSourcesBuildPhase section */

/* Begin XCBuildConfiguration section */
		EA440B2E289389FE00E0FE9F /* Debug */ = {
			isa = XCBuildConfiguration;
			buildSettings = {
				ALWAYS_SEARCH_USER_PATHS = NO;
				CLANG_ANALYZER_NONNULL = YES;
				CLANG_ANALYZER_NUMBER_OBJECT_CONVERSION = YES_AGGRESSIVE;
				CLANG_CXX_LANGUAGE_STANDARD = "gnu++17";
				CLANG_ENABLE_MODULES = YES;
				CLANG_ENABLE_OBJC_ARC = YES;
				CLANG_ENABLE_OBJC_WEAK = YES;
				CLANG_WARN_BLOCK_CAPTURE_AUTORELEASING = YES;
				CLANG_WARN_BOOL_CONVERSION = YES;
				CLANG_WARN_COMMA = YES;
				CLANG_WARN_CONSTANT_CONVERSION = YES;
				CLANG_WARN_DEPRECATED_OBJC_IMPLEMENTATIONS = YES;
				CLANG_WARN_DIRECT_OBJC_ISA_USAGE = YES_ERROR;
				CLANG_WARN_DOCUMENTATION_COMMENTS = YES;
				CLANG_WARN_EMPTY_BODY = YES;
				CLANG_WARN_ENUM_CONVERSION = YES;
				CLANG_WARN_INFINITE_RECURSION = YES;
				CLANG_WARN_INT_CONVERSION = YES;
				CLANG_WARN_NON_LITERAL_NULL_CONVERSION = YES;
				CLANG_WARN_OBJC_IMPLICIT_RETAIN_SELF = YES;
				CLANG_WARN_OBJC_LITERAL_CONVERSION = YES;
				CLANG_WARN_OBJC_ROOT_CLASS = YES_ERROR;
				CLANG_WARN_QUOTED_INCLUDE_IN_FRAMEWORK_HEADER = YES;
				CLANG_WARN_RANGE_LOOP_ANALYSIS = YES;
				CLANG_WARN_STRICT_PROTOTYPES = YES;
				CLANG_WARN_SUSPICIOUS_MOVE = YES;
				CLANG_WARN_UNGUARDED_AVAILABILITY = YES_AGGRESSIVE;
				CLANG_WARN_UNREACHABLE_CODE = YES;
				CLANG_WARN__DUPLICATE_METHOD_MATCH = YES;
				COPY_PHASE_STRIP = NO;
				DEBUG_INFORMATION_FORMAT = dwarf;
				ENABLE_STRICT_OBJC_MSGSEND = YES;
				ENABLE_TESTABILITY = YES;
				GCC_C_LANGUAGE_STANDARD = gnu11;
				GCC_DYNAMIC_NO_PIC = NO;
				GCC_NO_COMMON_BLOCKS = YES;
				GCC_OPTIMIZATION_LEVEL = 0;
				GCC_PREPROCESSOR_DEFINITIONS = (
					"DEBUG=1",
					"$(inherited)",
				);
				GCC_WARN_64_TO_32_BIT_CONVERSION = YES;
				GCC_WARN_ABOUT_RETURN_TYPE = YES_ERROR;
				GCC_WARN_UNDECLARED_SELECTOR = YES;
				GCC_WARN_UNINITIALIZED_AUTOS = YES_AGGRESSIVE;
				GCC_WARN_UNUSED_FUNCTION = YES;
				GCC_WARN_UNUSED_VARIABLE = YES;
				IPHONEOS_DEPLOYMENT_TARGET = 15.5;
				MTL_ENABLE_DEBUG_INFO = INCLUDE_SOURCE;
				MTL_FAST_MATH = YES;
				ONLY_ACTIVE_ARCH = YES;
				SDKROOT = iphoneos;
				SWIFT_ACTIVE_COMPILATION_CONDITIONS = DEBUG;
				SWIFT_OPTIMIZATION_LEVEL = "-Onone";
			};
			name = Debug;
		};
		EA440B2F289389FE00E0FE9F /* Release */ = {
			isa = XCBuildConfiguration;
			buildSettings = {
				ALWAYS_SEARCH_USER_PATHS = NO;
				CLANG_ANALYZER_NONNULL = YES;
				CLANG_ANALYZER_NUMBER_OBJECT_CONVERSION = YES_AGGRESSIVE;
				CLANG_CXX_LANGUAGE_STANDARD = "gnu++17";
				CLANG_ENABLE_MODULES = YES;
				CLANG_ENABLE_OBJC_ARC = YES;
				CLANG_ENABLE_OBJC_WEAK = YES;
				CLANG_WARN_BLOCK_CAPTURE_AUTORELEASING = YES;
				CLANG_WARN_BOOL_CONVERSION = YES;
				CLANG_WARN_COMMA = YES;
				CLANG_WARN_CONSTANT_CONVERSION = YES;
				CLANG_WARN_DEPRECATED_OBJC_IMPLEMENTATIONS = YES;
				CLANG_WARN_DIRECT_OBJC_ISA_USAGE = YES_ERROR;
				CLANG_WARN_DOCUMENTATION_COMMENTS = YES;
				CLANG_WARN_EMPTY_BODY = YES;
				CLANG_WARN_ENUM_CONVERSION = YES;
				CLANG_WARN_INFINITE_RECURSION = YES;
				CLANG_WARN_INT_CONVERSION = YES;
				CLANG_WARN_NON_LITERAL_NULL_CONVERSION = YES;
				CLANG_WARN_OBJC_IMPLICIT_RETAIN_SELF = YES;
				CLANG_WARN_OBJC_LITERAL_CONVERSION = YES;
				CLANG_WARN_OBJC_ROOT_CLASS = YES_ERROR;
				CLANG_WARN_QUOTED_INCLUDE_IN_FRAMEWORK_HEADER = YES;
				CLANG_WARN_RANGE_LOOP_ANALYSIS = YES;
				CLANG_WARN_STRICT_PROTOTYPES = YES;
				CLANG_WARN_SUSPICIOUS_MOVE = YES;
				CLANG_WARN_UNGUARDED_AVAILABILITY = YES_AGGRESSIVE;
				CLANG_WARN_UNREACHABLE_CODE = YES;
				CLANG_WARN__DUPLICATE_METHOD_MATCH = YES;
				COPY_PHASE_STRIP = NO;
				DEBUG_INFORMATION_FORMAT = "dwarf-with-dsym";
				ENABLE_NS_ASSERTIONS = NO;
				ENABLE_STRICT_OBJC_MSGSEND = YES;
				GCC_C_LANGUAGE_STANDARD = gnu11;
				GCC_NO_COMMON_BLOCKS = YES;
				GCC_WARN_64_TO_32_BIT_CONVERSION = YES;
				GCC_WARN_ABOUT_RETURN_TYPE = YES_ERROR;
				GCC_WARN_UNDECLARED_SELECTOR = YES;
				GCC_WARN_UNINITIALIZED_AUTOS = YES_AGGRESSIVE;
				GCC_WARN_UNUSED_FUNCTION = YES;
				GCC_WARN_UNUSED_VARIABLE = YES;
				IPHONEOS_DEPLOYMENT_TARGET = 15.5;
				MTL_ENABLE_DEBUG_INFO = NO;
				MTL_FAST_MATH = YES;
				SDKROOT = iphoneos;
				SWIFT_COMPILATION_MODE = wholemodule;
				SWIFT_OPTIMIZATION_LEVEL = "-O";
				VALIDATE_PRODUCT = YES;
			};
			name = Release;
		};
		EA440B31289389FE00E0FE9F /* Debug */ = {
			isa = XCBuildConfiguration;
			buildSettings = {
				ASSETCATALOG_COMPILER_APPICON_NAME = AppIcon;
				ASSETCATALOG_COMPILER_GLOBAL_ACCENT_COLOR_NAME = AccentColor;
				CODE_SIGN_STYLE = Automatic;
				CURRENT_PROJECT_VERSION = 1;
				DEVELOPMENT_ASSET_PATHS = "\"Rolldices/Preview Content\"";
				DEVELOPMENT_TEAM = 8Q4G5PRJJ5;
				ENABLE_PREVIEWS = YES;
				GENERATE_INFOPLIST_FILE = YES;
				INFOPLIST_KEY_UIApplicationSceneManifest_Generation = YES;
				INFOPLIST_KEY_UIApplicationSupportsIndirectInputEvents = YES;
				INFOPLIST_KEY_UILaunchScreen_Generation = YES;
				INFOPLIST_KEY_UISupportedInterfaceOrientations_iPad = "UIInterfaceOrientationPortrait UIInterfaceOrientationPortraitUpsideDown UIInterfaceOrientationLandscapeLeft UIInterfaceOrientationLandscapeRight";
				INFOPLIST_KEY_UISupportedInterfaceOrientations_iPhone = "UIInterfaceOrientationPortrait UIInterfaceOrientationLandscapeLeft UIInterfaceOrientationLandscapeRight";
				LD_RUNPATH_SEARCH_PATHS = (
					"$(inherited)",
					"@executable_path/Frameworks",
				);
				MARKETING_VERSION = 1.0;
				PRODUCT_BUNDLE_IDENTIFIER = br.com.manoellealdeveloper.Rolldices;
				PRODUCT_NAME = "$(TARGET_NAME)";
				SWIFT_EMIT_LOC_STRINGS = YES;
				SWIFT_VERSION = 5.0;
				TARGETED_DEVICE_FAMILY = "1,2";
			};
			name = Debug;
		};
		EA440B32289389FE00E0FE9F /* Release */ = {
			isa = XCBuildConfiguration;
			buildSettings = {
				ASSETCATALOG_COMPILER_APPICON_NAME = AppIcon;
				ASSETCATALOG_COMPILER_GLOBAL_ACCENT_COLOR_NAME = AccentColor;
				CODE_SIGN_STYLE = Automatic;
				CURRENT_PROJECT_VERSION = 1;
				DEVELOPMENT_ASSET_PATHS = "\"Rolldices/Preview Content\"";
				DEVELOPMENT_TEAM = 8Q4G5PRJJ5;
				ENABLE_PREVIEWS = YES;
				GENERATE_INFOPLIST_FILE = YES;
				INFOPLIST_KEY_UIApplicationSceneManifest_Generation = YES;
				INFOPLIST_KEY_UIApplicationSupportsIndirectInputEvents = YES;
				INFOPLIST_KEY_UILaunchScreen_Generation = YES;
				INFOPLIST_KEY_UISupportedInterfaceOrientations_iPad = "UIInterfaceOrientationPortrait UIInterfaceOrientationPortraitUpsideDown UIInterfaceOrientationLandscapeLeft UIInterfaceOrientationLandscapeRight";
				INFOPLIST_KEY_UISupportedInterfaceOrientations_iPhone = "UIInterfaceOrientationPortrait UIInterfaceOrientationLandscapeLeft UIInterfaceOrientationLandscapeRight";
				LD_RUNPATH_SEARCH_PATHS = (
					"$(inherited)",
					"@executable_path/Frameworks",
				);
				MARKETING_VERSION = 1.0;
				PRODUCT_BUNDLE_IDENTIFIER = br.com.manoellealdeveloper.Rolldices;
				PRODUCT_NAME = "$(TARGET_NAME)";
				SWIFT_EMIT_LOC_STRINGS = YES;
				SWIFT_VERSION = 5.0;
				TARGETED_DEVICE_FAMILY = "1,2";
			};
			name = Release;
		};
/* End XCBuildConfiguration section */

/* Begin XCConfigurationList section */
		EA440B1D289389FC00E0FE9F /* Build configuration list for PBXProject "Rolldices" */ = {
			isa = XCConfigurationList;
			buildConfigurations = (
				EA440B2E289389FE00E0FE9F /* Debug */,
				EA440B2F289389FE00E0FE9F /* Release */,
			);
			defaultConfigurationIsVisible = 0;
			defaultConfigurationName = Release;
		};
		EA440B30289389FE00E0FE9F /* Build configuration list for PBXNativeTarget "Rolldices" */ = {
			isa = XCConfigurationList;
			buildConfigurations = (
				EA440B31289389FE00E0FE9F /* Debug */,
				EA440B32289389FE00E0FE9F /* Release */,
			);
			defaultConfigurationIsVisible = 0;
			defaultConfigurationName = Release;
		};
/* End XCConfigurationList section */

/* Begin XCVersionGroup section */
		EA440B332894A57500E0FE9F /* Rolldices.xcdatamodeld */ = {
			isa = XCVersionGroup;
			children = (
				EA440B342894A57500E0FE9F /* Rolldices.xcdatamodel */,
			);
			currentVersion = EA440B342894A57500E0FE9F /* Rolldices.xcdatamodel */;
			path = Rolldices.xcdatamodeld;
			sourceTree = "<group>";
			versionGroupType = wrapper.xcdatamodel;
		};
/* End XCVersionGroup section */
	};
	rootObject = EA440B1A289389FC00E0FE9F /* Project object */;
}
